// !$*UTF8*$!
{
	archiveVersion = 1;
	classes = {
	};
	objectVersion = 55;
	objects = {

/* Begin PBXBuildFile section */
		2759EFF7272990FE0016DA54 /* AppDelegate.swift in Sources */ = {isa = PBXBuildFile; fileRef = 2759EFF6272990FE0016DA54 /* AppDelegate.swift */; };
		2759EFF9272990FE0016DA54 /* SceneDelegate.swift in Sources */ = {isa = PBXBuildFile; fileRef = 2759EFF8272990FE0016DA54 /* SceneDelegate.swift */; };
		2759EFFB272990FE0016DA54 /* ViewController.swift in Sources */ = {isa = PBXBuildFile; fileRef = 2759EFFA272990FE0016DA54 /* ViewController.swift */; };
		2759EFFE272990FE0016DA54 /* Main.storyboard in Resources */ = {isa = PBXBuildFile; fileRef = 2759EFFC272990FE0016DA54 /* Main.storyboard */; };
		2759F000272991000016DA54 /* Assets.xcassets in Resources */ = {isa = PBXBuildFile; fileRef = 2759EFFF272991000016DA54 /* Assets.xcassets */; };
		2759F003272991000016DA54 /* LaunchScreen.storyboard in Resources */ = {isa = PBXBuildFile; fileRef = 2759F001272991000016DA54 /* LaunchScreen.storyboard */; };
		2759F00B272995F90016DA54 /* DetectTextViewController.swift in Sources */ = {isa = PBXBuildFile; fileRef = 2759F00A272995F90016DA54 /* DetectTextViewController.swift */; };
		2759F00D272996320016DA54 /* OCRAPIMannager.swift in Sources */ = {isa = PBXBuildFile; fileRef = 2759F00C272996320016DA54 /* OCRAPIMannager.swift */; };
		2759F00F272998060016DA54 /* Constants.swift in Sources */ = {isa = PBXBuildFile; fileRef = 2759F00E272998060016DA54 /* Constants.swift */; };
		2759F0122729984E0016DA54 /* Alamofire in Frameworks */ = {isa = PBXBuildFile; productRef = 2759F0112729984E0016DA54 /* Alamofire */; };
		2759F018272998D20016DA54 /* SwiftyJSON in Frameworks */ = {isa = PBXBuildFile; productRef = 2759F017272998D20016DA54 /* SwiftyJSON */; };
/* End PBXBuildFile section */

/* Begin PBXFileReference section */
		2759EFF3272990FE0016DA54 /* Detext.app */ = {isa = PBXFileReference; explicitFileType = wrapper.application; includeInIndex = 0; path = Detext.app; sourceTree = BUILT_PRODUCTS_DIR; };
		2759EFF6272990FE0016DA54 /* AppDelegate.swift */ = {isa = PBXFileReference; lastKnownFileType = sourcecode.swift; path = AppDelegate.swift; sourceTree = "<group>"; };
		2759EFF8272990FE0016DA54 /* SceneDelegate.swift */ = {isa = PBXFileReference; lastKnownFileType = sourcecode.swift; path = SceneDelegate.swift; sourceTree = "<group>"; };
		2759EFFA272990FE0016DA54 /* ViewController.swift */ = {isa = PBXFileReference; lastKnownFileType = sourcecode.swift; path = ViewController.swift; sourceTree = "<group>"; };
		2759EFFD272990FE0016DA54 /* Base */ = {isa = PBXFileReference; lastKnownFileType = file.storyboard; name = Base; path = Base.lproj/Main.storyboard; sourceTree = "<group>"; };
		2759EFFF272991000016DA54 /* Assets.xcassets */ = {isa = PBXFileReference; lastKnownFileType = folder.assetcatalog; path = Assets.xcassets; sourceTree = "<group>"; };
		2759F002272991000016DA54 /* Base */ = {isa = PBXFileReference; lastKnownFileType = file.storyboard; name = Base; path = Base.lproj/LaunchScreen.storyboard; sourceTree = "<group>"; };
		2759F004272991000016DA54 /* Info.plist */ = {isa = PBXFileReference; lastKnownFileType = text.plist.xml; path = Info.plist; sourceTree = "<group>"; };
		2759F00A272995F90016DA54 /* DetectTextViewController.swift */ = {isa = PBXFileReference; lastKnownFileType = sourcecode.swift; path = DetectTextViewController.swift; sourceTree = "<group>"; };
		2759F00C272996320016DA54 /* OCRAPIMannager.swift */ = {isa = PBXFileReference; lastKnownFileType = sourcecode.swift; path = OCRAPIMannager.swift; sourceTree = "<group>"; };
		2759F00E272998060016DA54 /* Constants.swift */ = {isa = PBXFileReference; lastKnownFileType = sourcecode.swift; path = Constants.swift; sourceTree = "<group>"; };
/* End PBXFileReference section */

/* Begin PBXFrameworksBuildPhase section */
		2759EFF0272990FE0016DA54 /* Frameworks */ = {
			isa = PBXFrameworksBuildPhase;
			buildActionMask = 2147483647;
			files = (
				2759F018272998D20016DA54 /* SwiftyJSON in Frameworks */,
				2759F0122729984E0016DA54 /* Alamofire in Frameworks */,
			);
			runOnlyForDeploymentPostprocessing = 0;
		};
/* End PBXFrameworksBuildPhase section */

/* Begin PBXGroup section */
		2759EFEA272990FE0016DA54 = {
			isa = PBXGroup;
			children = (
				2759EFF5272990FE0016DA54 /* Detext */,
				2759EFF4272990FE0016DA54 /* Products */,
			);
			sourceTree = "<group>";
		};
		2759EFF4272990FE0016DA54 /* Products */ = {
			isa = PBXGroup;
			children = (
				2759EFF3272990FE0016DA54 /* Detext.app */,
			);
			name = Products;
			sourceTree = "<group>";
		};
		2759EFF5272990FE0016DA54 /* Detext */ = {
			isa = PBXGroup;
			children = (
				2759EFF6272990FE0016DA54 /* AppDelegate.swift */,
				2759EFF8272990FE0016DA54 /* SceneDelegate.swift */,
				2759EFFA272990FE0016DA54 /* ViewController.swift */,
				2759EFFC272990FE0016DA54 /* Main.storyboard */,
				2759F00A272995F90016DA54 /* DetectTextViewController.swift */,
				2759F00C272996320016DA54 /* OCRAPIMannager.swift */,
				2759F00E272998060016DA54 /* Constants.swift */,
				2759EFFF272991000016DA54 /* Assets.xcassets */,
				2759F001272991000016DA54 /* LaunchScreen.storyboard */,
				2759F004272991000016DA54 /* Info.plist */,
			);
			path = Detext;
			sourceTree = "<group>";
		};
/* End PBXGroup section */

/* Begin PBXNativeTarget section */
		2759EFF2272990FE0016DA54 /* Detext */ = {
			isa = PBXNativeTarget;
			buildConfigurationList = 2759F007272991000016DA54 /* Build configuration list for PBXNativeTarget "Detext" */;
			buildPhases = (
				2759EFEF272990FE0016DA54 /* Sources */,
				2759EFF0272990FE0016DA54 /* Frameworks */,
				2759EFF1272990FE0016DA54 /* Resources */,
			);
			buildRules = (
			);
			dependencies = (
			);
			name = Detext;
			packageProductDependencies = (
				2759F0112729984E0016DA54 /* Alamofire */,
				2759F017272998D20016DA54 /* SwiftyJSON */,
			);
			productName = Detext;
			productReference = 2759EFF3272990FE0016DA54 /* Detext.app */;
			productType = "com.apple.product-type.application";
		};
/* End PBXNativeTarget section */

/* Begin PBXProject section */
		2759EFEB272990FE0016DA54 /* Project object */ = {
			isa = PBXProject;
			attributes = {
				BuildIndependentTargetsInParallel = 1;
				LastSwiftUpdateCheck = 1300;
				LastUpgradeCheck = 1300;
				TargetAttributes = {
					2759EFF2272990FE0016DA54 = {
						CreatedOnToolsVersion = 13.0;
					};
				};
			};
			buildConfigurationList = 2759EFEE272990FE0016DA54 /* Build configuration list for PBXProject "Detext" */;
			compatibilityVersion = "Xcode 13.0";
			developmentRegion = en;
			hasScannedForEncodings = 0;
			knownRegions = (
				en,
				Base,
			);
			mainGroup = 2759EFEA272990FE0016DA54;
			packageReferences = (
				2759F0102729984E0016DA54 /* XCRemoteSwiftPackageReference "Alamofire" */,
				2759F016272998D20016DA54 /* XCRemoteSwiftPackageReference "SwiftyJSON" */,
			);
			productRefGroup = 2759EFF4272990FE0016DA54 /* Products */;
			projectDirPath = "";
			projectRoot = "";
			targets = (
				2759EFF2272990FE0016DA54 /* Detext */,
			);
		};
/* End PBXProject section */

/* Begin PBXResourcesBuildPhase section */
		2759EFF1272990FE0016DA54 /* Resources */ = {
			isa = PBXResourcesBuildPhase;
			buildActionMask = 2147483647;
			files = (
				2759F003272991000016DA54 /* LaunchScreen.storyboard in Resources */,
				2759F000272991000016DA54 /* Assets.xcassets in Resources */,
				2759EFFE272990FE0016DA54 /* Main.storyboard in Resources */,
			);
			runOnlyForDeploymentPostprocessing = 0;
		};
/* End PBXResourcesBuildPhase section */

/* Begin PBXSourcesBuildPhase section */
		2759EFEF272990FE0016DA54 /* Sources */ = {
			isa = PBXSourcesBuildPhase;
			buildActionMask = 2147483647;
			files = (
				2759EFFB272990FE0016DA54 /* ViewController.swift in Sources */,
				2759EFF7272990FE0016DA54 /* AppDelegate.swift in Sources */,
				2759F00B272995F90016DA54 /* DetectTextViewController.swift in Sources */,
				2759EFF9272990FE0016DA54 /* SceneDelegate.swift in Sources */,
				2759F00D272996320016DA54 /* OCRAPIMannager.swift in Sources */,
				2759F00F272998060016DA54 /* Constants.swift in Sources */,
			);
			runOnlyForDeploymentPostprocessing = 0;
		};
/* End PBXSourcesBuildPhase section */

/* Begin PBXVariantGroup section */
		2759EFFC272990FE0016DA54 /* Main.storyboard */ = {
			isa = PBXVariantGroup;
			children = (
				2759EFFD272990FE0016DA54 /* Base */,
			);
			name = Main.storyboard;
			sourceTree = "<group>";
		};
		2759F001272991000016DA54 /* LaunchScreen.storyboard */ = {
			isa = PBXVariantGroup;
			children = (
				2759F002272991000016DA54 /* Base */,
			);
			name = LaunchScreen.storyboard;
			sourceTree = "<group>";
		};
/* End PBXVariantGroup section */

/* Begin XCBuildConfiguration section */
		2759F005272991000016DA54 /* Debug */ = {
			isa = XCBuildConfiguration;
			buildSettings = {
				ALWAYS_SEARCH_USER_PATHS = NO;
				CLANG_ANALYZER_NONNULL = YES;
				CLANG_ANALYZER_NUMBER_OBJECT_CONVERSION = YES_AGGRESSIVE;
				CLANG_CXX_LANGUAGE_STANDARD = "gnu++17";
				CLANG_CXX_LIBRARY = "libc++";
				CLANG_ENABLE_MODULES = YES;
				CLANG_ENABLE_OBJC_ARC = YES;
				CLANG_ENABLE_OBJC_WEAK = YES;
				CLANG_WARN_BLOCK_CAPTURE_AUTORELEASING = YES;
				CLANG_WARN_BOOL_CONVERSION = YES;
				CLANG_WARN_COMMA = YES;
				CLANG_WARN_CONSTANT_CONVERSION = YES;
				CLANG_WARN_DEPRECATED_OBJC_IMPLEMENTATIONS = YES;
				CLANG_WARN_DIRECT_OBJC_ISA_USAGE = YES_ERROR;
				CLANG_WARN_DOCUMENTATION_COMMENTS = YES;
				CLANG_WARN_EMPTY_BODY = YES;
				CLANG_WARN_ENUM_CONVERSION = YES;
				CLANG_WARN_INFINITE_RECURSION = YES;
				CLANG_WARN_INT_CONVERSION = YES;
				CLANG_WARN_NON_LITERAL_NULL_CONVERSION = YES;
				CLANG_WARN_OBJC_IMPLICIT_RETAIN_SELF = YES;
				CLANG_WARN_OBJC_LITERAL_CONVERSION = YES;
				CLANG_WARN_OBJC_ROOT_CLASS = YES_ERROR;
				CLANG_WARN_QUOTED_INCLUDE_IN_FRAMEWORK_HEADER = YES;
				CLANG_WARN_RANGE_LOOP_ANALYSIS = YES;
				CLANG_WARN_STRICT_PROTOTYPES = YES;
				CLANG_WARN_SUSPICIOUS_MOVE = YES;
				CLANG_WARN_UNGUARDED_AVAILABILITY = YES_AGGRESSIVE;
				CLANG_WARN_UNREACHABLE_CODE = YES;
				CLANG_WARN__DUPLICATE_METHOD_MATCH = YES;
				COPY_PHASE_STRIP = NO;
				DEBUG_INFORMATION_FORMAT = dwarf;
				ENABLE_STRICT_OBJC_MSGSEND = YES;
				ENABLE_TESTABILITY = YES;
				GCC_C_LANGUAGE_STANDARD = gnu11;
				GCC_DYNAMIC_NO_PIC = NO;
				GCC_NO_COMMON_BLOCKS = YES;
				GCC_OPTIMIZATION_LEVEL = 0;
				GCC_PREPROCESSOR_DEFINITIONS = (
					"DEBUG=1",
					"$(inherited)",
				);
				GCC_WARN_64_TO_32_BIT_CONVERSION = YES;
				GCC_WARN_ABOUT_RETURN_TYPE = YES_ERROR;
				GCC_WARN_UNDECLARED_SELECTOR = YES;
				GCC_WARN_UNINITIALIZED_AUTOS = YES_AGGRESSIVE;
				GCC_WARN_UNUSED_FUNCTION = YES;
				GCC_WARN_UNUSED_VARIABLE = YES;
				IPHONEOS_DEPLOYMENT_TARGET = 15.0;
				MTL_ENABLE_DEBUG_INFO = INCLUDE_SOURCE;
				MTL_FAST_MATH = YES;
				ONLY_ACTIVE_ARCH = YES;
				SDKROOT = iphoneos;
				SWIFT_ACTIVE_COMPILATION_CONDITIONS = DEBUG;
				SWIFT_OPTIMIZATION_LEVEL = "-Onone";
			};
			name = Debug;
		};
		2759F006272991000016DA54 /* Release */ = {
			isa = XCBuildConfiguration;
			buildSettings = {
				ALWAYS_SEARCH_USER_PATHS = NO;
				CLANG_ANALYZER_NONNULL = YES;
				CLANG_ANALYZER_NUMBER_OBJECT_CONVERSION = YES_AGGRESSIVE;
				CLANG_CXX_LANGUAGE_STANDARD = "gnu++17";
				CLANG_CXX_LIBRARY = "libc++";
				CLANG_ENABLE_MODULES = YES;
				CLANG_ENABLE_OBJC_ARC = YES;
				CLANG_ENABLE_OBJC_WEAK = YES;
				CLANG_WARN_BLOCK_CAPTURE_AUTORELEASING = YES;
				CLANG_WARN_BOOL_CONVERSION = YES;
				CLANG_WARN_COMMA = YES;
				CLANG_WARN_CONSTANT_CONVERSION = YES;
				CLANG_WARN_DEPRECATED_OBJC_IMPLEMENTATIONS = YES;
				CLANG_WARN_DIRECT_OBJC_ISA_USAGE = YES_ERROR;
				CLANG_WARN_DOCUMENTATION_COMMENTS = YES;
				CLANG_WARN_EMPTY_BODY = YES;
				CLANG_WARN_ENUM_CONVERSION = YES;
				CLANG_WARN_INFINITE_RECURSION = YES;
				CLANG_WARN_INT_CONVERSION = YES;
				CLANG_WARN_NON_LITERAL_NULL_CONVERSION = YES;
				CLANG_WARN_OBJC_IMPLICIT_RETAIN_SELF = YES;
				CLANG_WARN_OBJC_LITERAL_CONVERSION = YES;
				CLANG_WARN_OBJC_ROOT_CLASS = YES_ERROR;
				CLANG_WARN_QUOTED_INCLUDE_IN_FRAMEWORK_HEADER = YES;
				CLANG_WARN_RANGE_LOOP_ANALYSIS = YES;
				CLANG_WARN_STRICT_PROTOTYPES = YES;
				CLANG_WARN_SUSPICIOUS_MOVE = YES;
				CLANG_WARN_UNGUARDED_AVAILABILITY = YES_AGGRESSIVE;
				CLANG_WARN_UNREACHABLE_CODE = YES;
				CLANG_WARN__DUPLICATE_METHOD_MATCH = YES;
				COPY_PHASE_STRIP = NO;
				DEBUG_INFORMATION_FORMAT = "dwarf-with-dsym";
				ENABLE_NS_ASSERTIONS = NO;
				ENABLE_STRICT_OBJC_MSGSEND = YES;
				GCC_C_LANGUAGE_STANDARD = gnu11;
				GCC_NO_COMMON_BLOCKS = YES;
				GCC_WARN_64_TO_32_BIT_CONVERSION = YES;
				GCC_WARN_ABOUT_RETURN_TYPE = YES_ERROR;
				GCC_WARN_UNDECLARED_SELECTOR = YES;
				GCC_WARN_UNINITIALIZED_AUTOS = YES_AGGRESSIVE;
				GCC_WARN_UNUSED_FUNCTION = YES;
				GCC_WARN_UNUSED_VARIABLE = YES;
				IPHONEOS_DEPLOYMENT_TARGET = 15.0;
				MTL_ENABLE_DEBUG_INFO = NO;
				MTL_FAST_MATH = YES;
				SDKROOT = iphoneos;
				SWIFT_COMPILATION_MODE = wholemodule;
				SWIFT_OPTIMIZATION_LEVEL = "-O";
				VALIDATE_PRODUCT = YES;
			};
			name = Release;
		};
		2759F008272991000016DA54 /* Debug */ = {
			isa = XCBuildConfiguration;
			buildSettings = {
				ASSETCATALOG_COMPILER_APPICON_NAME = AppIcon;
				ASSETCATALOG_COMPILER_GLOBAL_ACCENT_COLOR_NAME = AccentColor;
				CODE_SIGN_STYLE = Automatic;
				CURRENT_PROJECT_VERSION = 1;
				DEVELOPMENT_TEAM = 877MN2RY22;
				GENERATE_INFOPLIST_FILE = YES;
				INFOPLIST_FILE = Detext/Info.plist;
				INFOPLIST_KEY_UIApplicationSupportsIndirectInputEvents = YES;
				INFOPLIST_KEY_UILaunchStoryboardName = LaunchScreen;
				INFOPLIST_KEY_UIMainStoryboardFile = Main;
				INFOPLIST_KEY_UISupportedInterfaceOrientations_iPad = "UIInterfaceOrientationPortrait UIInterfaceOrientationPortraitUpsideDown UIInterfaceOrientationLandscapeLeft UIInterfaceOrientationLandscapeRight";
				INFOPLIST_KEY_UISupportedInterfaceOrientations_iPhone = "UIInterfaceOrientationPortrait UIInterfaceOrientationLandscapeLeft UIInterfaceOrientationLandscapeRight";
				LD_RUNPATH_SEARCH_PATHS = (
					"$(inherited)",
					"@executable_path/Frameworks",
				);
				MARKETING_VERSION = 1.0;
				PRODUCT_BUNDLE_IDENTIFIER = com.yoogail105.Detext;
				PRODUCT_NAME = "$(TARGET_NAME)";
				SWIFT_EMIT_LOC_STRINGS = YES;
				SWIFT_VERSION = 5.0;
				TARGETED_DEVICE_FAMILY = "1,2";
			};
			name = Debug;
		};
		2759F009272991000016DA54 /* Release */ = {
			isa = XCBuildConfiguration;
			buildSettings = {
				ASSETCATALOG_COMPILER_APPICON_NAME = AppIcon;
				ASSETCATALOG_COMPILER_GLOBAL_ACCENT_COLOR_NAME = AccentColor;
				CODE_SIGN_STYLE = Automatic;
				CURRENT_PROJECT_VERSION = 1;
				DEVELOPMENT_TEAM = 877MN2RY22;
				GENERATE_INFOPLIST_FILE = YES;
				INFOPLIST_FILE = Detext/Info.plist;
				INFOPLIST_KEY_UIApplicationSupportsIndirectInputEvents = YES;
				INFOPLIST_KEY_UILaunchStoryboardName = LaunchScreen;
				INFOPLIST_KEY_UIMainStoryboardFile = Main;
				INFOPLIST_KEY_UISupportedInterfaceOrientations_iPad = "UIInterfaceOrientationPortrait UIInterfaceOrientationPortraitUpsideDown UIInterfaceOrientationLandscapeLeft UIInterfaceOrientationLandscapeRight";
				INFOPLIST_KEY_UISupportedInterfaceOrientations_iPhone = "UIInterfaceOrientationPortrait UIInterfaceOrientationLandscapeLeft UIInterfaceOrientationLandscapeRight";
				LD_RUNPATH_SEARCH_PATHS = (
					"$(inherited)",
					"@executable_path/Frameworks",
				);
				MARKETING_VERSION = 1.0;
				PRODUCT_BUNDLE_IDENTIFIER = com.yoogail105.Detext;
				PRODUCT_NAME = "$(TARGET_NAME)";
				SWIFT_EMIT_LOC_STRINGS = YES;
				SWIFT_VERSION = 5.0;
				TARGETED_DEVICE_FAMILY = "1,2";
			};
			name = Release;
		};
/* End XCBuildConfiguration section */

/* Begin XCConfigurationList section */
		2759EFEE272990FE0016DA54 /* Build configuration list for PBXProject "Detext" */ = {
			isa = XCConfigurationList;
			buildConfigurations = (
				2759F005272991000016DA54 /* Debug */,
				2759F006272991000016DA54 /* Release */,
			);
			defaultConfigurationIsVisible = 0;
			defaultConfigurationName = Release;
		};
		2759F007272991000016DA54 /* Build configuration list for PBXNativeTarget "Detext" */ = {
			isa = XCConfigurationList;
			buildConfigurations = (
				2759F008272991000016DA54 /* Debug */,
				2759F009272991000016DA54 /* Release */,
			);
			defaultConfigurationIsVisible = 0;
			defaultConfigurationName = Release;
		};
/* End XCConfigurationList section */

/* Begin XCRemoteSwiftPackageReference section */
		2759F0102729984E0016DA54 /* XCRemoteSwiftPackageReference "Alamofire" */ = {
			isa = XCRemoteSwiftPackageReference;
			repositoryURL = "https://github.com/Alamofire/Alamofire.git";
			requirement = {
				kind = upToNextMajorVersion;
				minimumVersion = 5.0.0;
			};
		};
		2759F016272998D20016DA54 /* XCRemoteSwiftPackageReference "SwiftyJSON" */ = {
			isa = XCRemoteSwiftPackageReference;
			repositoryURL = "https://github.com/SwiftyJSON/SwiftyJSON.git";
			requirement = {
				kind = exactVersion;
				version = 5.0.0;
			};
		};
/* End XCRemoteSwiftPackageReference section */

/* Begin XCSwiftPackageProductDependency section */
		2759F0112729984E0016DA54 /* Alamofire */ = {
			isa = XCSwiftPackageProductDependency;
			package = 2759F0102729984E0016DA54 /* XCRemoteSwiftPackageReference "Alamofire" */;
			productName = Alamofire;
		};
		2759F017272998D20016DA54 /* SwiftyJSON */ = {
			isa = XCSwiftPackageProductDependency;
			package = 2759F016272998D20016DA54 /* XCRemoteSwiftPackageReference "SwiftyJSON" */;
			productName = SwiftyJSON;
		};
/* End XCSwiftPackageProductDependency section */
	};
	rootObject = 2759EFEB272990FE0016DA54 /* Project object */;
}
